// !$*UTF8*$!
{
	archiveVersion = 1;
	classes = {
	};
	objectVersion = 46;
	objects = {

/* Begin PBXBuildFile section */
		A3FE11F61D14AE5900F95850 /* main.cpp in Sources */ = {isa = PBXBuildFile; fileRef = A3FE11F51D14AE5900F95850 /* main.cpp */; };
		A3FE123B1D18D08D00F95850 /* Term.cpp in Sources */ = {isa = PBXBuildFile; fileRef = A3FE12391D18D08D00F95850 /* Term.cpp */; };
/* End PBXBuildFile section */

/* Begin PBXCopyFilesBuildPhase section */
		A3FE11F01D14AE5800F95850 /* CopyFiles */ = {
			isa = PBXCopyFilesBuildPhase;
			buildActionMask = 2147483647;
			dstPath = /usr/share/man/man1/;
			dstSubfolderSpec = 0;
			files = (
			);
			runOnlyForDeploymentPostprocessing = 1;
		};
/* End PBXCopyFilesBuildPhase section */

/* Begin PBXFileReference section */
		A3FE11F21D14AE5900F95850 /* 303_PolynomialProject */ = {isa = PBXFileReference; explicitFileType = "compiled.mach-o.executable"; includeInIndex = 0; path = 303_PolynomialProject; sourceTree = BUILT_PRODUCTS_DIR; };
		A3FE11F51D14AE5900F95850 /* main.cpp */ = {isa = PBXFileReference; lastKnownFileType = sourcecode.cpp.cpp; path = main.cpp; sourceTree = "<group>"; };
		A3FE12391D18D08D00F95850 /* Term.cpp */ = {isa = PBXFileReference; fileEncoding = 4; lastKnownFileType = sourcecode.cpp.cpp; path = Term.cpp; sourceTree = "<group>"; };
		A3FE123A1D18D08D00F95850 /* Term.h */ = {isa = PBXFileReference; fileEncoding = 4; lastKnownFileType = sourcecode.c.h; path = Term.h; sourceTree = "<group>"; };
/* End PBXFileReference section */

/* Begin PBXFrameworksBuildPhase section */
		A3FE11EF1D14AE5800F95850 /* Frameworks */ = {
			isa = PBXFrameworksBuildPhase;
			buildActionMask = 2147483647;
			files = (
			);
			runOnlyForDeploymentPostprocessing = 0;
		};
/* End PBXFrameworksBuildPhase section */

/* Begin PBXGroup section */
		A3FE11E91D14AE5800F95850 = {
			isa = PBXGroup;
			children = (
				A3FE11F41D14AE5900F95850 /* 303_PolynomialProject */,
				A3FE11F31D14AE5900F95850 /* Products */,
			);
			sourceTree = "<group>";
		};
		A3FE11F31D14AE5900F95850 /* Products */ = {
			isa = PBXGroup;
			children = (
				A3FE11F21D14AE5900F95850 /* 303_PolynomialProject */,
			);
			name = Products;
			sourceTree = "<group>";
		};
		A3FE11F41D14AE5900F95850 /* 303_PolynomialProject */ = {
			isa = PBXGroup;
			children = (
				A3FE11F51D14AE5900F95850 /* main.cpp */,
				A3FE12391D18D08D00F95850 /* Term.cpp */,
				A3FE123A1D18D08D00F95850 /* Term.h */,
			);
			path = 303_PolynomialProject;
			sourceTree = "<group>";
		};
/* End PBXGroup section */

/* Begin PBXNativeTarget section */
		A3FE11F11D14AE5800F95850 /* 303_PolynomialProject */ = {
			isa = PBXNativeTarget;
			buildConfigurationList = A3FE11F91D14AE5900F95850 /* Build configuration list for PBXNativeTarget "303_PolynomialProject" */;
			buildPhases = (
				A3FE11EE1D14AE5800F95850 /* Sources */,
				A3FE11EF1D14AE5800F95850 /* Frameworks */,
				A3FE11F01D14AE5800F95850 /* CopyFiles */,
			);
			buildRules = (
			);
			dependencies = (
			);
			name = 303_PolynomialProject;
			productName = 303_PolynomialProject;
			productReference = A3FE11F21D14AE5900F95850 /* 303_PolynomialProject */;
			productType = "com.apple.product-type.tool";
		};
/* End PBXNativeTarget section */

/* Begin PBXProject section */
		A3FE11EA1D14AE5800F95850 /* Project object */ = {
			isa = PBXProject;
			attributes = {
				LastUpgradeCheck = 0620;
				ORGANIZATIONNAME = "Imon Stevenson";
				TargetAttributes = {
					A3FE11F11D14AE5800F95850 = {
						CreatedOnToolsVersion = 6.2;
					};
				};
			};
			buildConfigurationList = A3FE11ED1D14AE5800F95850 /* Build configuration list for PBXProject "303_PolynomialProject" */;
			compatibilityVersion = "Xcode 3.2";
			developmentRegion = English;
			hasScannedForEncodings = 0;
			knownRegions = (
				en,
			);
			mainGroup = A3FE11E91D14AE5800F95850;
			productRefGroup = A3FE11F31D14AE5900F95850 /* Products */;
			projectDirPath = "";
			projectRoot = "";
			targets = (
				A3FE11F11D14AE5800F95850 /* 303_PolynomialProject */,
			);
		};
/* End PBXProject section */

/* Begin PBXSourcesBuildPhase section */
		A3FE11EE1D14AE5800F95850 /* Sources */ = {
			isa = PBXSourcesBuildPhase;
			buildActionMask = 2147483647;
			files = (
				A3FE11F61D14AE5900F95850 /* main.cpp in Sources */,
				A3FE123B1D18D08D00F95850 /* Term.cpp in Sources */,
			);
			runOnlyForDeploymentPostprocessing = 0;
		};
/* End PBXSourcesBuildPhase section */

/* Begin XCBuildConfiguration section */
		A3FE11F71D14AE5900F95850 /* Debug */ = {
			isa = XCBuildConfiguration;
			buildSettings = {
				ALWAYS_SEARCH_USER_PATHS = NO;
				CLANG_CXX_LANGUAGE_STANDARD = "gnu++0x";
				CLANG_CXX_LIBRARY = "libc++";
				CLANG_ENABLE_MODULES = YES;
				CLANG_ENABLE_OBJC_ARC = YES;
				CLANG_WARN_BOOL_CONVERSION = YES;
				CLANG_WARN_CONSTANT_CONVERSION = YES;
				CLANG_WARN_DIRECT_OBJC_ISA_USAGE = YES_ERROR;
				CLANG_WARN_EMPTY_BODY = YES;
				CLANG_WARN_ENUM_CONVERSION = YES;
				CLANG_WARN_INT_CONVERSION = YES;
				CLANG_WARN_OBJC_ROOT_CLASS = YES_ERROR;
				CLANG_WARN_UNREACHABLE_CODE = YES;
				CLANG_WARN__DUPLICATE_METHOD_MATCH = YES;
				COPY_PHASE_STRIP = NO;
				ENABLE_STRICT_OBJC_MSGSEND = YES;
				GCC_C_LANGUAGE_STANDARD = gnu99;
				GCC_DYNAMIC_NO_PIC = NO;
				GCC_OPTIMIZATION_LEVEL = 0;
				GCC_PREPROCESSOR_DEFINITIONS = (
					"DEBUG=1",
					"$(inherited)",
				);
				GCC_SYMBOLS_PRIVATE_EXTERN = NO;
				GCC_WARN_64_TO_32_BIT_CONVERSION = YES;
				GCC_WARN_ABOUT_RETURN_TYPE = YES_ERROR;
				GCC_WARN_UNDECLARED_SELECTOR = YES;
				GCC_WARN_UNINITIALIZED_AUTOS = YES_AGGRESSIVE;
				GCC_WARN_UNUSED_FUNCTION = YES;
				GCC_WARN_UNUSED_VARIABLE = YES;
				MACOSX_DEPLOYMENT_TARGET = 10.10;
				MTL_ENABLE_DEBUG_INFO = YES;
				ONLY_ACTIVE_ARCH = YES;
				SDKROOT = macosx;
			};
			name = Debug;
		};
		A3FE11F81D14AE5900F95850 /* Release */ = {
			isa = XCBuildConfiguration;
			buildSettings = {
				ALWAYS_SEARCH_USER_PATHS = NO;
				CLANG_CXX_LANGUAGE_STANDARD = "gnu++0x";
				CLANG_CXX_LIBRARY = "libc++";
				CLANG_ENABLE_MODULES = YES;
				CLANG_ENABLE_OBJC_ARC = YES;
				CLANG_WARN_BOOL_CONVERSION = YES;
				CLANG_WARN_CONSTANT_CONVERSION = YES;
				CLANG_WARN_DIRECT_OBJC_ISA_USAGE = YES_ERROR;
				CLANG_WARN_EMPTY_BODY = YES;
				CLANG_WARN_ENUM_CONVERSION = YES;
				CLANG_WARN_INT_CONVERSION = YES;
				CLANG_WARN_OBJC_ROOT_CLASS = YES_ERROR;
				CLANG_WARN_UNREACHABLE_CODE = YES;
				CLANG_WARN__DUPLICATE_METHOD_MATCH = YES;
				COPY_PHASE_STRIP = NO;
				DEBUG_INFORMATION_FORMAT = "dwarf-with-dsym";
				ENABLE_NS_ASSERTIONS = NO;
				ENABLE_STRICT_OBJC_MSGSEND = YES;
				GCC_C_LANGUAGE_STANDARD = gnu99;
				GCC_WARN_64_TO_32_BIT_CONVERSION = YES;
				GCC_WARN_ABOUT_RETURN_TYPE = YES_ERROR;
				GCC_WARN_UNDECLARED_SELECTOR = YES;
				GCC_WARN_UNINITIALIZED_AUTOS = YES_AGGRESSIVE;
				GCC_WARN_UNUSED_FUNCTION = YES;
				GCC_WARN_UNUSED_VARIABLE = YES;
				MACOSX_DEPLOYMENT_TARGET = 10.10;
				MTL_ENABLE_DEBUG_INFO = NO;
				SDKROOT = macosx;
			};
			name = Release;
		};
		A3FE11FA1D14AE5900F95850 /* Debug */ = {
			isa = XCBuildConfiguration;
			buildSettings = {
				PRODUCT_NAME = "$(TARGET_NAME)";
			};
			name = Debug;
		};
		A3FE11FB1D14AE5900F95850 /* Release */ = {
			isa = XCBuildConfiguration;
			buildSettings = {
				PRODUCT_NAME = "$(TARGET_NAME)";
			};
			name = Release;
		};
/* End XCBuildConfiguration section */

/* Begin XCConfigurationList section */
		A3FE11ED1D14AE5800F95850 /* Build configuration list for PBXProject "303_PolynomialProject" */ = {
			isa = XCConfigurationList;
			buildConfigurations = (
				A3FE11F71D14AE5900F95850 /* Debug */,
				A3FE11F81D14AE5900F95850 /* Release */,
			);
			defaultConfigurationIsVisible = 0;
			defaultConfigurationName = Release;
		};
		A3FE11F91D14AE5900F95850 /* Build configuration list for PBXNativeTarget "303_PolynomialProject" */ = {
			isa = XCConfigurationList;
			buildConfigurations = (
				A3FE11FA1D14AE5900F95850 /* Debug */,
				A3FE11FB1D14AE5900F95850 /* Release */,
			);
			defaultConfigurationIsVisible = 0;
			defaultConfigurationName = Release;
		};
/* End XCConfigurationList section */
	};
	rootObject = A3FE11EA1D14AE5800F95850 /* Project object */;
}
